{
  "pins" : [
    {
      "identity" : "cruisecontrol",
      "kind" : "remoteSourceControl",
      "location" : "https://github.com/MAChristiansen/CruiseControl",
      "state" : {
        "branch" : "main",
        "revision" : "53429b51e7ba8efed449e662d04689a635d13ad9"
      }
    }
  ],
  "version" : 2
}
