{
  "pins" : [
    {
      "identity" : "cruisecontrol",
      "kind" : "remoteSourceControl",
      "location" : "https://github.com/MAChristiansen/CruiseControl",
      "state" : {
        "branch" : "main",
        "revision" : "c8d53bcf74ac42e94dcd68001f4a4fe632bbba64"
      }
    }
  ],
  "version" : 2
}
