{
  "pins" : [
    {
      "identity" : "cruisecontrol",
      "kind" : "remoteSourceControl",
      "location" : "https://github.com/MAChristiansen/CruiseControl",
      "state" : {
        "branch" : "main",
        "revision" : "a20ceaca7f09e6a8b35f35cdd7f149ae4741c2ee"
      }
    }
  ],
  "version" : 2
}
