// !$*UTF8*$!
{
	archiveVersion = 1;
	classes = {
	};
	objectVersion = 56;
	objects = {

/* Begin PBXBuildFile section */
		873F29252AEEF1BB00136152 /* ColorNavigationApp.swift in Sources */ = {isa = PBXBuildFile; fileRef = 873F29242AEEF1BB00136152 /* ColorNavigationApp.swift */; };
		873F29292AEEF1BC00136152 /* Assets.xcassets in Resources */ = {isa = PBXBuildFile; fileRef = 873F29282AEEF1BC00136152 /* Assets.xcassets */; };
		873F292C2AEEF1BC00136152 /* Preview Assets.xcassets in Resources */ = {isa = PBXBuildFile; fileRef = 873F292B2AEEF1BC00136152 /* Preview Assets.xcassets */; };
		873F29552AEEF27F00136152 /* ColorView.swift in Sources */ = {isa = PBXBuildFile; fileRef = 873F29432AEEF27F00136152 /* ColorView.swift */; };
		873F29562AEEF27F00136152 /* ColorViewModel.swift in Sources */ = {isa = PBXBuildFile; fileRef = 873F29442AEEF27F00136152 /* ColorViewModel.swift */; };
		873F29572AEEF27F00136152 /* DemoButton.swift in Sources */ = {isa = PBXBuildFile; fileRef = 873F29462AEEF27F00136152 /* DemoButton.swift */; };
		873F29582AEEF27F00136152 /* DemoButtonViewModel.swift in Sources */ = {isa = PBXBuildFile; fileRef = 873F29472AEEF27F00136152 /* DemoButtonViewModel.swift */; };
		873F29592AEEF27F00136152 /* MainRootView.swift in Sources */ = {isa = PBXBuildFile; fileRef = 873F29492AEEF27F00136152 /* MainRootView.swift */; };
		873F295A2AEEF27F00136152 /* MainView.swift in Sources */ = {isa = PBXBuildFile; fileRef = 873F294A2AEEF27F00136152 /* MainView.swift */; };
		873F295E2AEEF2A200136152 /* MainDestinations.swift in Sources */ = {isa = PBXBuildFile; fileRef = 873F295D2AEEF2A200136152 /* MainDestinations.swift */; };
		873F29652AEEF2DA00136152 /* Oswald-Bold.ttf in Resources */ = {isa = PBXBuildFile; fileRef = 873F29602AEEF2DA00136152 /* Oswald-Bold.ttf */; };
		873F29662AEEF2DA00136152 /* Oswald-Medium.ttf in Resources */ = {isa = PBXBuildFile; fileRef = 873F29612AEEF2DA00136152 /* Oswald-Medium.ttf */; };
		873F29682AEEF2DA00136152 /* Oswald-Regular.ttf in Resources */ = {isa = PBXBuildFile; fileRef = 873F29632AEEF2DA00136152 /* Oswald-Regular.ttf */; };
		873F29692AEEF2DA00136152 /* Fonts.swift in Sources */ = {isa = PBXBuildFile; fileRef = 873F29642AEEF2DA00136152 /* Fonts.swift */; };
		876162872AF817F600BFB026 /* NavigationService.swift in Sources */ = {isa = PBXBuildFile; fileRef = 876162862AF817F600BFB026 /* NavigationService.swift */; };
		878DE7AA2B151EB600750E22 /* CruiseControl in Frameworks */ = {isa = PBXBuildFile; productRef = 878DE7A92B151EB600750E22 /* CruiseControl */; };
		878DE7AC2B151EFF00750E22 /* MainTabBar.swift in Sources */ = {isa = PBXBuildFile; fileRef = 878DE7AB2B151EFF00750E22 /* MainTabBar.swift */; };
		878DE7AF2B1523A200750E22 /* MainTabDestination.swift in Sources */ = {isa = PBXBuildFile; fileRef = 878DE7AE2B1523A200750E22 /* MainTabDestination.swift */; };
		878DE7B12B1523C000750E22 /* SquareView.swift in Sources */ = {isa = PBXBuildFile; fileRef = 878DE7B02B1523C000750E22 /* SquareView.swift */; };
/* End PBXBuildFile section */

/* Begin PBXFileReference section */
		873F29212AEEF1BB00136152 /* ColorNavigation.app */ = {isa = PBXFileReference; explicitFileType = wrapper.application; includeInIndex = 0; path = ColorNavigation.app; sourceTree = BUILT_PRODUCTS_DIR; };
		873F29242AEEF1BB00136152 /* ColorNavigationApp.swift */ = {isa = PBXFileReference; lastKnownFileType = sourcecode.swift; path = ColorNavigationApp.swift; sourceTree = "<group>"; };
		873F29282AEEF1BC00136152 /* Assets.xcassets */ = {isa = PBXFileReference; lastKnownFileType = folder.assetcatalog; name = Assets.xcassets; path = ../Assets.xcassets; sourceTree = "<group>"; };
		873F292B2AEEF1BC00136152 /* Preview Assets.xcassets */ = {isa = PBXFileReference; lastKnownFileType = folder.assetcatalog; path = "Preview Assets.xcassets"; sourceTree = "<group>"; };
		873F29432AEEF27F00136152 /* ColorView.swift */ = {isa = PBXFileReference; fileEncoding = 4; lastKnownFileType = sourcecode.swift; path = ColorView.swift; sourceTree = "<group>"; };
		873F29442AEEF27F00136152 /* ColorViewModel.swift */ = {isa = PBXFileReference; fileEncoding = 4; lastKnownFileType = sourcecode.swift; path = ColorViewModel.swift; sourceTree = "<group>"; };
		873F29462AEEF27F00136152 /* DemoButton.swift */ = {isa = PBXFileReference; fileEncoding = 4; lastKnownFileType = sourcecode.swift; path = DemoButton.swift; sourceTree = "<group>"; };
		873F29472AEEF27F00136152 /* DemoButtonViewModel.swift */ = {isa = PBXFileReference; fileEncoding = 4; lastKnownFileType = sourcecode.swift; path = DemoButtonViewModel.swift; sourceTree = "<group>"; };
		873F29492AEEF27F00136152 /* MainRootView.swift */ = {isa = PBXFileReference; fileEncoding = 4; lastKnownFileType = sourcecode.swift; path = MainRootView.swift; sourceTree = "<group>"; };
		873F294A2AEEF27F00136152 /* MainView.swift */ = {isa = PBXFileReference; fileEncoding = 4; lastKnownFileType = sourcecode.swift; path = MainView.swift; sourceTree = "<group>"; };
		873F295D2AEEF2A200136152 /* MainDestinations.swift */ = {isa = PBXFileReference; fileEncoding = 4; lastKnownFileType = sourcecode.swift; path = MainDestinations.swift; sourceTree = "<group>"; };
		873F29602AEEF2DA00136152 /* Oswald-Bold.ttf */ = {isa = PBXFileReference; lastKnownFileType = file; path = "Oswald-Bold.ttf"; sourceTree = "<group>"; };
		873F29612AEEF2DA00136152 /* Oswald-Medium.ttf */ = {isa = PBXFileReference; lastKnownFileType = file; path = "Oswald-Medium.ttf"; sourceTree = "<group>"; };
		873F29632AEEF2DA00136152 /* Oswald-Regular.ttf */ = {isa = PBXFileReference; lastKnownFileType = file; path = "Oswald-Regular.ttf"; sourceTree = "<group>"; };
		873F29642AEEF2DA00136152 /* Fonts.swift */ = {isa = PBXFileReference; fileEncoding = 4; lastKnownFileType = sourcecode.swift; path = Fonts.swift; sourceTree = "<group>"; };
		876162862AF817F600BFB026 /* NavigationService.swift */ = {isa = PBXFileReference; lastKnownFileType = sourcecode.swift; path = NavigationService.swift; sourceTree = "<group>"; };
		878DE7AB2B151EFF00750E22 /* MainTabBar.swift */ = {isa = PBXFileReference; lastKnownFileType = sourcecode.swift; path = MainTabBar.swift; sourceTree = "<group>"; };
		878DE7AE2B1523A200750E22 /* MainTabDestination.swift */ = {isa = PBXFileReference; lastKnownFileType = sourcecode.swift; path = MainTabDestination.swift; sourceTree = "<group>"; };
		878DE7B02B1523C000750E22 /* SquareView.swift */ = {isa = PBXFileReference; lastKnownFileType = sourcecode.swift; path = SquareView.swift; sourceTree = "<group>"; };
/* End PBXFileReference section */

/* Begin PBXFrameworksBuildPhase section */
		873F291E2AEEF1BB00136152 /* Frameworks */ = {
			isa = PBXFrameworksBuildPhase;
			buildActionMask = 2147483647;
			files = (
				878DE7AA2B151EB600750E22 /* CruiseControl in Frameworks */,
			);
			runOnlyForDeploymentPostprocessing = 0;
		};
/* End PBXFrameworksBuildPhase section */

/* Begin PBXGroup section */
		873F29182AEEF1BB00136152 = {
			isa = PBXGroup;
			children = (
				873F29232AEEF1BB00136152 /* ColorNavigation */,
				873F29222AEEF1BB00136152 /* Products */,
			);
			sourceTree = "<group>";
		};
		873F29222AEEF1BB00136152 /* Products */ = {
			isa = PBXGroup;
			children = (
				873F29212AEEF1BB00136152 /* ColorNavigation.app */,
			);
			name = Products;
			sourceTree = "<group>";
		};
		873F29232AEEF1BB00136152 /* ColorNavigation */ = {
			isa = PBXGroup;
			children = (
				873F29242AEEF1BB00136152 /* ColorNavigationApp.swift */,
				873F295F2AEEF2DA00136152 /* Resources */,
				873F295C2AEEF2A200136152 /* Navigation */,
				873F29412AEEF27F00136152 /* Views */,
				873F292A2AEEF1BC00136152 /* Preview Content */,
			);
			path = ColorNavigation;
			sourceTree = "<group>";
		};
		873F292A2AEEF1BC00136152 /* Preview Content */ = {
			isa = PBXGroup;
			children = (
				873F292B2AEEF1BC00136152 /* Preview Assets.xcassets */,
			);
			path = "Preview Content";
			sourceTree = "<group>";
		};
		873F29412AEEF27F00136152 /* Views */ = {
			isa = PBXGroup;
			children = (
				878DE7AD2B15237900750E22 /* MainTabBar */,
				873F29422AEEF27F00136152 /* ColorViews */,
				873F29452AEEF27F00136152 /* DemoButton */,
				873F29482AEEF27F00136152 /* MainView */,
			);
			path = Views;
			sourceTree = "<group>";
		};
		873F29422AEEF27F00136152 /* ColorViews */ = {
			isa = PBXGroup;
			children = (
				873F29432AEEF27F00136152 /* ColorView.swift */,
				873F29442AEEF27F00136152 /* ColorViewModel.swift */,
			);
			path = ColorViews;
			sourceTree = "<group>";
		};
		873F29452AEEF27F00136152 /* DemoButton */ = {
			isa = PBXGroup;
			children = (
				873F29462AEEF27F00136152 /* DemoButton.swift */,
				873F29472AEEF27F00136152 /* DemoButtonViewModel.swift */,
			);
			path = DemoButton;
			sourceTree = "<group>";
		};
		873F29482AEEF27F00136152 /* MainView */ = {
			isa = PBXGroup;
			children = (
				873F29492AEEF27F00136152 /* MainRootView.swift */,
				873F294A2AEEF27F00136152 /* MainView.swift */,
			);
			path = MainView;
			sourceTree = "<group>";
		};
		873F295C2AEEF2A200136152 /* Navigation */ = {
			isa = PBXGroup;
			children = (
				873F295D2AEEF2A200136152 /* MainDestinations.swift */,
				876162862AF817F600BFB026 /* NavigationService.swift */,
			);
			path = Navigation;
			sourceTree = "<group>";
		};
		873F295F2AEEF2DA00136152 /* Resources */ = {
			isa = PBXGroup;
			children = (
				873F29282AEEF1BC00136152 /* Assets.xcassets */,
				873F29602AEEF2DA00136152 /* Oswald-Bold.ttf */,
				873F29612AEEF2DA00136152 /* Oswald-Medium.ttf */,
				873F29632AEEF2DA00136152 /* Oswald-Regular.ttf */,
				873F29642AEEF2DA00136152 /* Fonts.swift */,
			);
			path = Resources;
			sourceTree = "<group>";
		};
		878DE7AD2B15237900750E22 /* MainTabBar */ = {
			isa = PBXGroup;
			children = (
				878DE7AB2B151EFF00750E22 /* MainTabBar.swift */,
				878DE7AE2B1523A200750E22 /* MainTabDestination.swift */,
				878DE7B02B1523C000750E22 /* SquareView.swift */,
			);
			path = MainTabBar;
			sourceTree = "<group>";
		};
/* End PBXGroup section */

/* Begin PBXNativeTarget section */
		873F29202AEEF1BB00136152 /* ColorNavigation */ = {
			isa = PBXNativeTarget;
			buildConfigurationList = 873F292F2AEEF1BC00136152 /* Build configuration list for PBXNativeTarget "ColorNavigation" */;
			buildPhases = (
				873F291D2AEEF1BB00136152 /* Sources */,
				873F291E2AEEF1BB00136152 /* Frameworks */,
				873F291F2AEEF1BB00136152 /* Resources */,
			);
			buildRules = (
			);
			dependencies = (
			);
			name = ColorNavigation;
			packageProductDependencies = (
				878DE7A92B151EB600750E22 /* CruiseControl */,
			);
			productName = ColorNavigation;
			productReference = 873F29212AEEF1BB00136152 /* ColorNavigation.app */;
			productType = "com.apple.product-type.application";
		};
/* End PBXNativeTarget section */

/* Begin PBXProject section */
		873F29192AEEF1BB00136152 /* Project object */ = {
			isa = PBXProject;
			attributes = {
				BuildIndependentTargetsInParallel = 1;
				LastSwiftUpdateCheck = 1430;
				LastUpgradeCheck = 1430;
				TargetAttributes = {
					873F29202AEEF1BB00136152 = {
						CreatedOnToolsVersion = 14.3.1;
					};
				};
			};
			buildConfigurationList = 873F291C2AEEF1BB00136152 /* Build configuration list for PBXProject "ColorNavigation" */;
			compatibilityVersion = "Xcode 14.0";
			developmentRegion = en;
			hasScannedForEncodings = 0;
			knownRegions = (
				en,
				Base,
			);
			mainGroup = 873F29182AEEF1BB00136152;
			packageReferences = (
				873F29322AEEF25800136152 /* XCRemoteSwiftPackageReference "CruiseControl" */,
			);
			productRefGroup = 873F29222AEEF1BB00136152 /* Products */;
			projectDirPath = "";
			projectRoot = "";
			targets = (
				873F29202AEEF1BB00136152 /* ColorNavigation */,
			);
		};
/* End PBXProject section */

/* Begin PBXResourcesBuildPhase section */
		873F291F2AEEF1BB00136152 /* Resources */ = {
			isa = PBXResourcesBuildPhase;
			buildActionMask = 2147483647;
			files = (
				873F292C2AEEF1BC00136152 /* Preview Assets.xcassets in Resources */,
				873F29682AEEF2DA00136152 /* Oswald-Regular.ttf in Resources */,
				873F29662AEEF2DA00136152 /* Oswald-Medium.ttf in Resources */,
				873F29292AEEF1BC00136152 /* Assets.xcassets in Resources */,
				873F29652AEEF2DA00136152 /* Oswald-Bold.ttf in Resources */,
			);
			runOnlyForDeploymentPostprocessing = 0;
		};
/* End PBXResourcesBuildPhase section */

/* Begin PBXSourcesBuildPhase section */
		873F291D2AEEF1BB00136152 /* Sources */ = {
			isa = PBXSourcesBuildPhase;
			buildActionMask = 2147483647;
			files = (
				873F29582AEEF27F00136152 /* DemoButtonViewModel.swift in Sources */,
				873F29592AEEF27F00136152 /* MainRootView.swift in Sources */,
				873F29562AEEF27F00136152 /* ColorViewModel.swift in Sources */,
				873F295E2AEEF2A200136152 /* MainDestinations.swift in Sources */,
				878DE7AC2B151EFF00750E22 /* MainTabBar.swift in Sources */,
				873F29552AEEF27F00136152 /* ColorView.swift in Sources */,
				876162872AF817F600BFB026 /* NavigationService.swift in Sources */,
				878DE7B12B1523C000750E22 /* SquareView.swift in Sources */,
				873F295A2AEEF27F00136152 /* MainView.swift in Sources */,
				873F29572AEEF27F00136152 /* DemoButton.swift in Sources */,
				878DE7AF2B1523A200750E22 /* MainTabDestination.swift in Sources */,
				873F29692AEEF2DA00136152 /* Fonts.swift in Sources */,
				873F29252AEEF1BB00136152 /* ColorNavigationApp.swift in Sources */,
			);
			runOnlyForDeploymentPostprocessing = 0;
		};
/* End PBXSourcesBuildPhase section */

/* Begin XCBuildConfiguration section */
		873F292D2AEEF1BC00136152 /* Debug */ = {
			isa = XCBuildConfiguration;
			buildSettings = {
				ALWAYS_SEARCH_USER_PATHS = NO;
				CLANG_ANALYZER_NONNULL = YES;
				CLANG_ANALYZER_NUMBER_OBJECT_CONVERSION = YES_AGGRESSIVE;
				CLANG_CXX_LANGUAGE_STANDARD = "gnu++20";
				CLANG_ENABLE_MODULES = YES;
				CLANG_ENABLE_OBJC_ARC = YES;
				CLANG_ENABLE_OBJC_WEAK = YES;
				CLANG_WARN_BLOCK_CAPTURE_AUTORELEASING = YES;
				CLANG_WARN_BOOL_CONVERSION = YES;
				CLANG_WARN_COMMA = YES;
				CLANG_WARN_CONSTANT_CONVERSION = YES;
				CLANG_WARN_DEPRECATED_OBJC_IMPLEMENTATIONS = YES;
				CLANG_WARN_DIRECT_OBJC_ISA_USAGE = YES_ERROR;
				CLANG_WARN_DOCUMENTATION_COMMENTS = YES;
				CLANG_WARN_EMPTY_BODY = YES;
				CLANG_WARN_ENUM_CONVERSION = YES;
				CLANG_WARN_INFINITE_RECURSION = YES;
				CLANG_WARN_INT_CONVERSION = YES;
				CLANG_WARN_NON_LITERAL_NULL_CONVERSION = YES;
				CLANG_WARN_OBJC_IMPLICIT_RETAIN_SELF = YES;
				CLANG_WARN_OBJC_LITERAL_CONVERSION = YES;
				CLANG_WARN_OBJC_ROOT_CLASS = YES_ERROR;
				CLANG_WARN_QUOTED_INCLUDE_IN_FRAMEWORK_HEADER = YES;
				CLANG_WARN_RANGE_LOOP_ANALYSIS = YES;
				CLANG_WARN_STRICT_PROTOTYPES = YES;
				CLANG_WARN_SUSPICIOUS_MOVE = YES;
				CLANG_WARN_UNGUARDED_AVAILABILITY = YES_AGGRESSIVE;
				CLANG_WARN_UNREACHABLE_CODE = YES;
				CLANG_WARN__DUPLICATE_METHOD_MATCH = YES;
				COPY_PHASE_STRIP = NO;
				DEBUG_INFORMATION_FORMAT = dwarf;
				ENABLE_STRICT_OBJC_MSGSEND = YES;
				ENABLE_TESTABILITY = YES;
				GCC_C_LANGUAGE_STANDARD = gnu11;
				GCC_DYNAMIC_NO_PIC = NO;
				GCC_NO_COMMON_BLOCKS = YES;
				GCC_OPTIMIZATION_LEVEL = 0;
				GCC_PREPROCESSOR_DEFINITIONS = (
					"DEBUG=1",
					"$(inherited)",
				);
				GCC_WARN_64_TO_32_BIT_CONVERSION = YES;
				GCC_WARN_ABOUT_RETURN_TYPE = YES_ERROR;
				GCC_WARN_UNDECLARED_SELECTOR = YES;
				GCC_WARN_UNINITIALIZED_AUTOS = YES_AGGRESSIVE;
				GCC_WARN_UNUSED_FUNCTION = YES;
				GCC_WARN_UNUSED_VARIABLE = YES;
				IPHONEOS_DEPLOYMENT_TARGET = 16.4;
				MTL_ENABLE_DEBUG_INFO = INCLUDE_SOURCE;
				MTL_FAST_MATH = YES;
				ONLY_ACTIVE_ARCH = YES;
				SDKROOT = iphoneos;
				SWIFT_ACTIVE_COMPILATION_CONDITIONS = DEBUG;
				SWIFT_OPTIMIZATION_LEVEL = "-Onone";
			};
			name = Debug;
		};
		873F292E2AEEF1BC00136152 /* Release */ = {
			isa = XCBuildConfiguration;
			buildSettings = {
				ALWAYS_SEARCH_USER_PATHS = NO;
				CLANG_ANALYZER_NONNULL = YES;
				CLANG_ANALYZER_NUMBER_OBJECT_CONVERSION = YES_AGGRESSIVE;
				CLANG_CXX_LANGUAGE_STANDARD = "gnu++20";
				CLANG_ENABLE_MODULES = YES;
				CLANG_ENABLE_OBJC_ARC = YES;
				CLANG_ENABLE_OBJC_WEAK = YES;
				CLANG_WARN_BLOCK_CAPTURE_AUTORELEASING = YES;
				CLANG_WARN_BOOL_CONVERSION = YES;
				CLANG_WARN_COMMA = YES;
				CLANG_WARN_CONSTANT_CONVERSION = YES;
				CLANG_WARN_DEPRECATED_OBJC_IMPLEMENTATIONS = YES;
				CLANG_WARN_DIRECT_OBJC_ISA_USAGE = YES_ERROR;
				CLANG_WARN_DOCUMENTATION_COMMENTS = YES;
				CLANG_WARN_EMPTY_BODY = YES;
				CLANG_WARN_ENUM_CONVERSION = YES;
				CLANG_WARN_INFINITE_RECURSION = YES;
				CLANG_WARN_INT_CONVERSION = YES;
				CLANG_WARN_NON_LITERAL_NULL_CONVERSION = YES;
				CLANG_WARN_OBJC_IMPLICIT_RETAIN_SELF = YES;
				CLANG_WARN_OBJC_LITERAL_CONVERSION = YES;
				CLANG_WARN_OBJC_ROOT_CLASS = YES_ERROR;
				CLANG_WARN_QUOTED_INCLUDE_IN_FRAMEWORK_HEADER = YES;
				CLANG_WARN_RANGE_LOOP_ANALYSIS = YES;
				CLANG_WARN_STRICT_PROTOTYPES = YES;
				CLANG_WARN_SUSPICIOUS_MOVE = YES;
				CLANG_WARN_UNGUARDED_AVAILABILITY = YES_AGGRESSIVE;
				CLANG_WARN_UNREACHABLE_CODE = YES;
				CLANG_WARN__DUPLICATE_METHOD_MATCH = YES;
				COPY_PHASE_STRIP = NO;
				DEBUG_INFORMATION_FORMAT = "dwarf-with-dsym";
				ENABLE_NS_ASSERTIONS = NO;
				ENABLE_STRICT_OBJC_MSGSEND = YES;
				GCC_C_LANGUAGE_STANDARD = gnu11;
				GCC_NO_COMMON_BLOCKS = YES;
				GCC_WARN_64_TO_32_BIT_CONVERSION = YES;
				GCC_WARN_ABOUT_RETURN_TYPE = YES_ERROR;
				GCC_WARN_UNDECLARED_SELECTOR = YES;
				GCC_WARN_UNINITIALIZED_AUTOS = YES_AGGRESSIVE;
				GCC_WARN_UNUSED_FUNCTION = YES;
				GCC_WARN_UNUSED_VARIABLE = YES;
				IPHONEOS_DEPLOYMENT_TARGET = 16.4;
				MTL_ENABLE_DEBUG_INFO = NO;
				MTL_FAST_MATH = YES;
				SDKROOT = iphoneos;
				SWIFT_COMPILATION_MODE = wholemodule;
				SWIFT_OPTIMIZATION_LEVEL = "-O";
				VALIDATE_PRODUCT = YES;
			};
			name = Release;
		};
		873F29302AEEF1BC00136152 /* Debug */ = {
			isa = XCBuildConfiguration;
			buildSettings = {
				ASSETCATALOG_COMPILER_APPICON_NAME = AppIcon;
				ASSETCATALOG_COMPILER_GLOBAL_ACCENT_COLOR_NAME = AccentColor;
				CODE_SIGN_STYLE = Automatic;
				CURRENT_PROJECT_VERSION = 1;
				DEVELOPMENT_ASSET_PATHS = "\"ColorNavigation/Preview Content\"";
				ENABLE_PREVIEWS = YES;
				GENERATE_INFOPLIST_FILE = YES;
				INFOPLIST_FILE = ColorNavigation/Info.plist;
				INFOPLIST_KEY_UIApplicationSceneManifest_Generation = YES;
				INFOPLIST_KEY_UIApplicationSupportsIndirectInputEvents = YES;
				INFOPLIST_KEY_UILaunchScreen_Generation = YES;
				INFOPLIST_KEY_UISupportedInterfaceOrientations_iPad = "UIInterfaceOrientationPortrait UIInterfaceOrientationPortraitUpsideDown UIInterfaceOrientationLandscapeLeft UIInterfaceOrientationLandscapeRight";
				INFOPLIST_KEY_UISupportedInterfaceOrientations_iPhone = "UIInterfaceOrientationPortrait UIInterfaceOrientationLandscapeLeft UIInterfaceOrientationLandscapeRight";
				LD_RUNPATH_SEARCH_PATHS = (
					"$(inherited)",
					"@executable_path/Frameworks",
				);
				MARKETING_VERSION = 1.0;
				PRODUCT_BUNDLE_IDENTIFIER = dk.mac.ColorNavigation;
				PRODUCT_NAME = "$(TARGET_NAME)";
				SWIFT_EMIT_LOC_STRINGS = YES;
				SWIFT_VERSION = 5.0;
				TARGETED_DEVICE_FAMILY = "1,2";
			};
			name = Debug;
		};
		873F29312AEEF1BC00136152 /* Release */ = {
			isa = XCBuildConfiguration;
			buildSettings = {
				ASSETCATALOG_COMPILER_APPICON_NAME = AppIcon;
				ASSETCATALOG_COMPILER_GLOBAL_ACCENT_COLOR_NAME = AccentColor;
				CODE_SIGN_STYLE = Automatic;
				CURRENT_PROJECT_VERSION = 1;
				DEVELOPMENT_ASSET_PATHS = "\"ColorNavigation/Preview Content\"";
				ENABLE_PREVIEWS = YES;
				GENERATE_INFOPLIST_FILE = YES;
				INFOPLIST_FILE = ColorNavigation/Info.plist;
				INFOPLIST_KEY_UIApplicationSceneManifest_Generation = YES;
				INFOPLIST_KEY_UIApplicationSupportsIndirectInputEvents = YES;
				INFOPLIST_KEY_UILaunchScreen_Generation = YES;
				INFOPLIST_KEY_UISupportedInterfaceOrientations_iPad = "UIInterfaceOrientationPortrait UIInterfaceOrientationPortraitUpsideDown UIInterfaceOrientationLandscapeLeft UIInterfaceOrientationLandscapeRight";
				INFOPLIST_KEY_UISupportedInterfaceOrientations_iPhone = "UIInterfaceOrientationPortrait UIInterfaceOrientationLandscapeLeft UIInterfaceOrientationLandscapeRight";
				LD_RUNPATH_SEARCH_PATHS = (
					"$(inherited)",
					"@executable_path/Frameworks",
				);
				MARKETING_VERSION = 1.0;
				PRODUCT_BUNDLE_IDENTIFIER = dk.mac.ColorNavigation;
				PRODUCT_NAME = "$(TARGET_NAME)";
				SWIFT_EMIT_LOC_STRINGS = YES;
				SWIFT_VERSION = 5.0;
				TARGETED_DEVICE_FAMILY = "1,2";
			};
			name = Release;
		};
/* End XCBuildConfiguration section */

/* Begin XCConfigurationList section */
		873F291C2AEEF1BB00136152 /* Build configuration list for PBXProject "ColorNavigation" */ = {
			isa = XCConfigurationList;
			buildConfigurations = (
				873F292D2AEEF1BC00136152 /* Debug */,
				873F292E2AEEF1BC00136152 /* Release */,
			);
			defaultConfigurationIsVisible = 0;
			defaultConfigurationName = Release;
		};
		873F292F2AEEF1BC00136152 /* Build configuration list for PBXNativeTarget "ColorNavigation" */ = {
			isa = XCConfigurationList;
			buildConfigurations = (
				873F29302AEEF1BC00136152 /* Debug */,
				873F29312AEEF1BC00136152 /* Release */,
			);
			defaultConfigurationIsVisible = 0;
			defaultConfigurationName = Release;
		};
/* End XCConfigurationList section */

/* Begin XCRemoteSwiftPackageReference section */
		873F29322AEEF25800136152 /* XCRemoteSwiftPackageReference "CruiseControl" */ = {
			isa = XCRemoteSwiftPackageReference;
			repositoryURL = "https://github.com/MAChristiansen/CruiseControl";
			requirement = {
				branch = main;
				kind = branch;
			};
		};
/* End XCRemoteSwiftPackageReference section */

/* Begin XCSwiftPackageProductDependency section */
		878DE7A92B151EB600750E22 /* CruiseControl */ = {
			isa = XCSwiftPackageProductDependency;
			package = 873F29322AEEF25800136152 /* XCRemoteSwiftPackageReference "CruiseControl" */;
			productName = CruiseControl;
		};
/* End XCSwiftPackageProductDependency section */
	};
	rootObject = 873F29192AEEF1BB00136152 /* Project object */;
}
